{
  "name": "search-engine",
  "version": "1.0.0",
  "lockfileVersion": 1,
  "requires": true,
  "dependencies": {
    "lunr": {
      "version": "2.3.6",
      "resolved": "https://registry.npmjs.org/lunr/-/lunr-2.3.6.tgz",
      "integrity": "sha512-swStvEyDqQ85MGpABCMBclZcLI/pBIlu8FFDtmX197+oEgKloJ67QnB+Tidh0340HmLMs39c4GrkPY3cmkXp6Q=="
    },
    "run-node": {
      "version": "1.0.0",
      "resolved": "https://registry.npmjs.org/run-node/-/run-node-1.0.0.tgz",
      "integrity": "sha512-kc120TBlQ3mih1LSzdAJXo4xn/GWS2ec0l3S+syHDXP9uRr0JAT8Qd3mdMuyjqCzeZktgP3try92cEgf9Nks8A==",
      "dev": true
    }
  }
}
